
Microsoft Visual Studio Solution File, Format Version 12.00
# Visual Studio Version 17
VisualStudioVersion = 17.9.34511.98
MinimumVisualStudioVersion = 10.0.40219.1
Project("{9A19103F-16F7-4668-BE54-9A1E7A4F7556}") = "web", "web\web\web.csproj", "{8C706451-2571-46F3-B5E9-4FEADEAFC035}"
EndProject
Project("{9A19103F-16F7-4668-BE54-9A1E7A4F7556}") = "web.Client", "web\web.Client\web.Client.csproj", "{6132D14E-78AD-4A1E-93DC-D5C2DB74A7F9}"
EndProject
Project("{9A19103F-16F7-4668-BE54-9A1E7A4F7556}") = "maui", "maui\maui.csproj", "{5C41BB56-754C-4234-A0DC-065DC94F4903}"
EndProject
Project("{9A19103F-16F7-4668-BE54-9A1E7A4F7556}") = "test", "test\test.csproj", "{9C3D11BF-E4A8-4004-A251-7DB5AA040BF9}"
EndProject
Project("{2150E333-8FDC-42A3-9474-1A3956D46DE8}") = "Solution Items", "Solution Items", "{A8207095-D6F6-4488-A4F5-C93BA5084D0D}"
	ProjectSection(SolutionItems) = preProject
		README.md = README.md
	EndProjectSection
EndProject
Project("{9A19103F-16F7-4668-BE54-9A1E7A4F7556}") = "shared", "shared\shared.csproj", "{DEBDA510-A7F5-4218-86E8-411A38776A8C}"
EndProject
Project("{9A19103F-16F7-4668-BE54-9A1E7A4F7556}") = "clean-noChanges", "clean-noChanges\clean-noChanges\clean-noChanges.csproj", "{E9F1B1A7-BCA4-4E9F-A8A3-E3CD476537B7}"
EndProject
Project("{9A19103F-16F7-4668-BE54-9A1E7A4F7556}") = "clean-noChanges.Client", "clean-noChanges\clean-noChanges.Client\clean-noChanges.Client.csproj", "{ADB3A464-13D2-48BA-9EA0-234A8197ACED}"
EndProject
Project("{9A19103F-16F7-4668-BE54-9A1E7A4F7556}") = "rcl", "rcl\rcl.csproj", "{D7C20094-6CCE-444F-B4F5-2D7ACB54063C}"
EndProject
Project("{FAE04EC0-301F-11D3-BF4B-00C04F79EFBC}") = "api", "api\api.csproj", "{60623C81-7C80-4A89-AA65-C762DCBE0A68}"
EndProject
Global
	GlobalSection(SolutionConfigurationPlatforms) = preSolution
		Debug|Any CPU = Debug|Any CPU
		Release|Any CPU = Release|Any CPU
	EndGlobalSection
	GlobalSection(ProjectConfigurationPlatforms) = postSolution
		{8C706451-2571-46F3-B5E9-4FEADEAFC035}.Debug|Any CPU.ActiveCfg = Debug|Any CPU
		{8C706451-2571-46F3-B5E9-4FEADEAFC035}.Debug|Any CPU.Build.0 = Debug|Any CPU
		{8C706451-2571-46F3-B5E9-4FEADEAFC035}.Release|Any CPU.ActiveCfg = Release|Any CPU
		{8C706451-2571-46F3-B5E9-4FEADEAFC035}.Release|Any CPU.Build.0 = Release|Any CPU
		{6132D14E-78AD-4A1E-93DC-D5C2DB74A7F9}.Debug|Any CPU.ActiveCfg = Debug|Any CPU
		{6132D14E-78AD-4A1E-93DC-D5C2DB74A7F9}.Debug|Any CPU.Build.0 = Debug|Any CPU
		{6132D14E-78AD-4A1E-93DC-D5C2DB74A7F9}.Release|Any CPU.ActiveCfg = Release|Any CPU
		{6132D14E-78AD-4A1E-93DC-D5C2DB74A7F9}.Release|Any CPU.Build.0 = Release|Any CPU
		{5C41BB56-754C-4234-A0DC-065DC94F4903}.Debug|Any CPU.ActiveCfg = Debug|Any CPU
		{5C41BB56-754C-4234-A0DC-065DC94F4903}.Debug|Any CPU.Build.0 = Debug|Any CPU
		{5C41BB56-754C-4234-A0DC-065DC94F4903}.Debug|Any CPU.Deploy.0 = Debug|Any CPU
		{5C41BB56-754C-4234-A0DC-065DC94F4903}.Release|Any CPU.ActiveCfg = Release|Any CPU
		{5C41BB56-754C-4234-A0DC-065DC94F4903}.Release|Any CPU.Build.0 = Release|Any CPU
		{5C41BB56-754C-4234-A0DC-065DC94F4903}.Release|Any CPU.Deploy.0 = Release|Any CPU
		{9C3D11BF-E4A8-4004-A251-7DB5AA040BF9}.Debug|Any CPU.ActiveCfg = Debug|Any CPU
		{9C3D11BF-E4A8-4004-A251-7DB5AA040BF9}.Debug|Any CPU.Build.0 = Debug|Any CPU
		{9C3D11BF-E4A8-4004-A251-7DB5AA040BF9}.Release|Any CPU.ActiveCfg = Release|Any CPU
		{9C3D11BF-E4A8-4004-A251-7DB5AA040BF9}.Release|Any CPU.Build.0 = Release|Any CPU
		{DEBDA510-A7F5-4218-86E8-411A38776A8C}.Debug|Any CPU.ActiveCfg = Debug|Any CPU
		{DEBDA510-A7F5-4218-86E8-411A38776A8C}.Debug|Any CPU.Build.0 = Debug|Any CPU
		{DEBDA510-A7F5-4218-86E8-411A38776A8C}.Release|Any CPU.ActiveCfg = Release|Any CPU
		{DEBDA510-A7F5-4218-86E8-411A38776A8C}.Release|Any CPU.Build.0 = Release|Any CPU
		{E9F1B1A7-BCA4-4E9F-A8A3-E3CD476537B7}.Debug|Any CPU.ActiveCfg = Debug|Any CPU
		{E9F1B1A7-BCA4-4E9F-A8A3-E3CD476537B7}.Debug|Any CPU.Build.0 = Debug|Any CPU
		{E9F1B1A7-BCA4-4E9F-A8A3-E3CD476537B7}.Release|Any CPU.ActiveCfg = Release|Any CPU
		{E9F1B1A7-BCA4-4E9F-A8A3-E3CD476537B7}.Release|Any CPU.Build.0 = Release|Any CPU
		{ADB3A464-13D2-48BA-9EA0-234A8197ACED}.Debug|Any CPU.ActiveCfg = Debug|Any CPU
		{ADB3A464-13D2-48BA-9EA0-234A8197ACED}.Debug|Any CPU.Build.0 = Debug|Any CPU
		{ADB3A464-13D2-48BA-9EA0-234A8197ACED}.Release|Any CPU.ActiveCfg = Release|Any CPU
		{ADB3A464-13D2-48BA-9EA0-234A8197ACED}.Release|Any CPU.Build.0 = Release|Any CPU
		{D7C20094-6CCE-444F-B4F5-2D7ACB54063C}.Debug|Any CPU.ActiveCfg = Debug|Any CPU
		{D7C20094-6CCE-444F-B4F5-2D7ACB54063C}.Debug|Any CPU.Build.0 = Debug|Any CPU
		{D7C20094-6CCE-444F-B4F5-2D7ACB54063C}.Release|Any CPU.ActiveCfg = Release|Any CPU
		{D7C20094-6CCE-444F-B4F5-2D7ACB54063C}.Release|Any CPU.Build.0 = Release|Any CPU
		{60623C81-7C80-4A89-AA65-C762DCBE0A68}.Debug|Any CPU.ActiveCfg = Debug|Any CPU
		{60623C81-7C80-4A89-AA65-C762DCBE0A68}.Debug|Any CPU.Build.0 = Debug|Any CPU
		{60623C81-7C80-4A89-AA65-C762DCBE0A68}.Release|Any CPU.ActiveCfg = Release|Any CPU
		{60623C81-7C80-4A89-AA65-C762DCBE0A68}.Release|Any CPU.Build.0 = Release|Any CPU
	EndGlobalSection
	GlobalSection(SolutionProperties) = preSolution
		HideSolutionNode = FALSE
	EndGlobalSection
	GlobalSection(ExtensibilityGlobals) = postSolution
		SolutionGuid = {4449EE46-EAD7-4327-97B1-53E624F925A4}
	EndGlobalSection
EndGlobal
